
Microsoft Visual Studio Solution File, Format Version 12.00
# Visual Studio 2013
VisualStudioVersion = 12.0.31101.0
MinimumVisualStudioVersion = 10.0.40219.1
Project("{FAE04EC0-301F-11D3-BF4B-00C04F79EFBC}") = "ThankYouApp", "ThankYouApp\ThankYouApp.csproj", "{28505F79-00A7-469E-A7CE-00509BCA36EC}"
	ProjectSection(ProjectDependencies) = postProject
		{DDFADF3A-E9EB-42D5-B176-D774A0C4D9C9} = {DDFADF3A-E9EB-42D5-B176-D774A0C4D9C9}
		{9F82F3B2-4E61-429F-A85C-9A838C469D38} = {9F82F3B2-4E61-429F-A85C-9A838C469D38}
	EndProjectSection
EndProject
Project("{FAE04EC0-301F-11D3-BF4B-00C04F79EFBC}") = "ThankYouApp.Tests", "ThankYouApp.Tests\ThankYouApp.Tests.csproj", "{E5D051C7-D707-48D5-8013-15D34E82F132}"
	ProjectSection(ProjectDependencies) = postProject
		{DDFADF3A-E9EB-42D5-B176-D774A0C4D9C9} = {DDFADF3A-E9EB-42D5-B176-D774A0C4D9C9}
		{9F82F3B2-4E61-429F-A85C-9A838C469D38} = {9F82F3B2-4E61-429F-A85C-9A838C469D38}
	EndProjectSection
EndProject
Project("{FAE04EC0-301F-11D3-BF4B-00C04F79EFBC}") = "ThankYouApp.Repository", "ThankYouApp.Repository\ThankYouApp.Repository.csproj", "{9F82F3B2-4E61-429F-A85C-9A838C469D38}"
EndProject
Project("{FAE04EC0-301F-11D3-BF4B-00C04F79EFBC}") = "ThankYouApp.BusinessLogic", "ThankYouApp.BusinessLogic\ThankYouApp.BusinessLogic.csproj", "{DDFADF3A-E9EB-42D5-B176-D774A0C4D9C9}"
EndProject
Global
	GlobalSection(SolutionConfigurationPlatforms) = preSolution
		Debug|Any CPU = Debug|Any CPU
		Release|Any CPU = Release|Any CPU
	EndGlobalSection
	GlobalSection(ProjectConfigurationPlatforms) = postSolution
		{28505F79-00A7-469E-A7CE-00509BCA36EC}.Debug|Any CPU.ActiveCfg = Debug|Any CPU
		{28505F79-00A7-469E-A7CE-00509BCA36EC}.Debug|Any CPU.Build.0 = Debug|Any CPU
		{28505F79-00A7-469E-A7CE-00509BCA36EC}.Release|Any CPU.ActiveCfg = Release|Any CPU
		{28505F79-00A7-469E-A7CE-00509BCA36EC}.Release|Any CPU.Build.0 = Release|Any CPU
		{E5D051C7-D707-48D5-8013-15D34E82F132}.Debug|Any CPU.ActiveCfg = Debug|Any CPU
		{E5D051C7-D707-48D5-8013-15D34E82F132}.Debug|Any CPU.Build.0 = Debug|Any CPU
		{E5D051C7-D707-48D5-8013-15D34E82F132}.Release|Any CPU.ActiveCfg = Release|Any CPU
		{E5D051C7-D707-48D5-8013-15D34E82F132}.Release|Any CPU.Build.0 = Release|Any CPU
		{9F82F3B2-4E61-429F-A85C-9A838C469D38}.Debug|Any CPU.ActiveCfg = Debug|Any CPU
		{9F82F3B2-4E61-429F-A85C-9A838C469D38}.Debug|Any CPU.Build.0 = Debug|Any CPU
		{9F82F3B2-4E61-429F-A85C-9A838C469D38}.Release|Any CPU.ActiveCfg = Release|Any CPU
		{9F82F3B2-4E61-429F-A85C-9A838C469D38}.Release|Any CPU.Build.0 = Release|Any CPU
		{DDFADF3A-E9EB-42D5-B176-D774A0C4D9C9}.Debug|Any CPU.ActiveCfg = Debug|Any CPU
		{DDFADF3A-E9EB-42D5-B176-D774A0C4D9C9}.Debug|Any CPU.Build.0 = Debug|Any CPU
		{DDFADF3A-E9EB-42D5-B176-D774A0C4D9C9}.Release|Any CPU.ActiveCfg = Release|Any CPU
		{DDFADF3A-E9EB-42D5-B176-D774A0C4D9C9}.Release|Any CPU.Build.0 = Release|Any CPU
	EndGlobalSection
	GlobalSection(SolutionProperties) = preSolution
		HideSolutionNode = FALSE
	EndGlobalSection
EndGlobal
